
Microsoft Visual Studio Solution File, Format Version 12.00
# Visual Studio 14
VisualStudioVersion = 14.0.23107.0
MinimumVisualStudioVersion = 10.0.40219.1
Project("{FAE04EC0-301F-11D3-BF4B-00C04F79EFBC}") = "WCFService-Demo", "WCFService-Demo\WCFService-Demo.csproj", "{E1387D15-027B-4D5A-8E7D-76AA1D6D8B57}"
EndProject
Project("{FAE04EC0-301F-11D3-BF4B-00C04F79EFBC}") = "WCFDemoHost", "WCFDemoHost\WCFDemoHost.csproj", "{578D6865-CC63-4E2A-84FF-28AC5C1EC723}"
EndProject
Global
	GlobalSection(SolutionConfigurationPlatforms) = preSolution
		Debug|Any CPU = Debug|Any CPU
		Release|Any CPU = Release|Any CPU
	EndGlobalSection
	GlobalSection(ProjectConfigurationPlatforms) = postSolution
		{E1387D15-027B-4D5A-8E7D-76AA1D6D8B57}.Debug|Any CPU.ActiveCfg = Debug|Any CPU
		{E1387D15-027B-4D5A-8E7D-76AA1D6D8B57}.Debug|Any CPU.Build.0 = Debug|Any CPU
		{E1387D15-027B-4D5A-8E7D-76AA1D6D8B57}.Release|Any CPU.ActiveCfg = Release|Any CPU
		{E1387D15-027B-4D5A-8E7D-76AA1D6D8B57}.Release|Any CPU.Build.0 = Release|Any CPU
		{578D6865-CC63-4E2A-84FF-28AC5C1EC723}.Debug|Any CPU.ActiveCfg = Debug|Any CPU
		{578D6865-CC63-4E2A-84FF-28AC5C1EC723}.Debug|Any CPU.Build.0 = Debug|Any CPU
		{578D6865-CC63-4E2A-84FF-28AC5C1EC723}.Release|Any CPU.ActiveCfg = Release|Any CPU
		{578D6865-CC63-4E2A-84FF-28AC5C1EC723}.Release|Any CPU.Build.0 = Release|Any CPU
	EndGlobalSection
	GlobalSection(SolutionProperties) = preSolution
		HideSolutionNode = FALSE
	EndGlobalSection
EndGlobal
